<?xml version="1.0" encoding="utf-8"?>
<Project ToolsVersion="4.0" xmlns="http://schemas.microsoft.com/developer/msbuild/2003">
  <ItemGroup>
    <Filter Include="Source Files">
      <UniqueIdentifier>{4FC737F1-C7A5-4376-A066-2A32D752A2FF}</UniqueIdentifier>
      <Extensions>cpp;c;cc;cxx;def;odl;idl;hpj;bat;asm;asmx</Extensions>
    </Filter>
    <Filter Include="Header Files">
      <UniqueIdentifier>{93995380-89BD-4b04-88EB-625FBE52EBFB}</UniqueIdentifier>
      <Extensions>h;hpp;hxx;hm;inl;inc;xsd</Extensions>
    </Filter>
  </ItemGroup>
  <ItemGroup>
    <ClCompile Include="vpMaterial.cpp">
      <Filter>Source Files</Filter>
    </ClCompile>
    <ClCompile Include="vpNDOFJoint.cpp">
      <Filter>Source Files</Filter>
    </ClCompile>
    <ClCompile Include="vpPJoint.cpp">
      <Filter>Source Files</Filter>
    </ClCompile>
    <ClCompile Include="vpPrimitiveCollisionDetector.cpp">
      <Filter>Source Files</Filter>
    </ClCompile>
    <ClCompile Include="vpRJoint.cpp">
      <Filter>Source Files</Filter>
    </ClCompile>
    <ClCompile Include="vpSingleSystem.cpp">
      <Filter>Source Files</Filter>
    </ClCompile>
    <ClCompile Include="vpSJoint.cpp">
      <Filter>Source Files</Filter>
    </ClCompile>
    <ClCompile Include="vpSpring.cpp">
      <Filter>Source Files</Filter>
    </ClCompile>
    <ClCompile Include="vpSystem.cpp">
      <Filter>Source Files</Filter>
    </ClCompile>
    <ClCompile Include="vpTimer.cpp">
      <Filter>Source Files</Filter>
    </ClCompile>
    <ClCompile Include="vpUJoint.cpp">
      <Filter>Source Files</Filter>
    </ClCompile>
    <ClCompile Include="vpWJoint.cpp">
      <Filter>Source Files</Filter>
    </ClCompile>
    <ClCompile Include="vpWorld.cpp">
      <Filter>Source Files</Filter>
    </ClCompile>
    <ClCompile Include="wpWorld_IO.cpp">
      <Filter>Source Files</Filter>
    </ClCompile>
    <ClCompile Include="LieGroup.cpp">
      <Filter>Source Files</Filter>
    </ClCompile>
    <ClCompile Include="PrimColDet.cpp">
      <Filter>Source Files</Filter>
    </ClCompile>
    <ClCompile Include="rmatrix3.cpp">
      <Filter>Source Files</Filter>
    </ClCompile>
    <ClCompile Include="vp1DOFJoint.cpp">
      <Filter>Source Files</Filter>
    </ClCompile>
    <ClCompile Include="vpBJoint.cpp">
      <Filter>Source Files</Filter>
    </ClCompile>
    <ClCompile Include="vpBody.cpp">
      <Filter>Source Files</Filter>
    </ClCompile>
    <ClCompile Include="vpCollisionDetector.cpp">
      <Filter>Source Files</Filter>
    </ClCompile>
    <ClCompile Include="vpDynamics.cpp">
      <Filter>Source Files</Filter>
    </ClCompile>
    <ClCompile Include="vpGeom.cpp">
      <Filter>Source Files</Filter>
    </ClCompile>
    <ClCompile Include="vpJoint.cpp">
      <Filter>Source Files</Filter>
    </ClCompile>
    <ClCompile Include="vpKinematics.cpp">
      <Filter>Source Files</Filter>
    </ClCompile>
    <ClCompile Include="vpCollisionResolver.cpp">
      <Filter>Source Files</Filter>
    </ClCompile>
    <ClCompile Include="vpContactResolver.cpp">
      <Filter>Source Files</Filter>
    </ClCompile>
    <ClCompile Include="vpPenetrationRelaxer.cpp">
      <Filter>Source Files</Filter>
    </ClCompile>
    <ClCompile Include="vpCollisionGraphBuilder.cpp">
      <Filter>Source Files</Filter>
    </ClCompile>
  </ItemGroup>
  <ItemGroup>
    <ClInclude Include="..\usr\include\VP\vpWJoint.h">
      <Filter>Header Files</Filter>
    </ClInclude>
    <ClInclude Include="..\usr\include\VP\vpWorld.h">
      <Filter>Header Files</Filter>
    </ClInclude>
    <ClInclude Include="..\usr\include\VP\_array.h">
      <Filter>Header Files</Filter>
    </ClInclude>
    <ClInclude Include="..\usr\include\VP\LieGroup.h">
      <Filter>Header Files</Filter>
    </ClInclude>
    <ClInclude Include="..\usr\include\VP\PrimColDet.h">
      <Filter>Header Files</Filter>
    </ClInclude>
    <ClInclude Include="..\usr\include\VP\rmatrix3.h">
      <Filter>Header Files</Filter>
    </ClInclude>
    <ClInclude Include="..\usr\include\VP\smatrix.h">
      <Filter>Header Files</Filter>
    </ClInclude>
    <ClInclude Include="..\usr\include\VP\vp1DOFJoint.h">
      <Filter>Header Files</Filter>
    </ClInclude>
    <ClInclude Include="..\usr\include\VP\vpBJoint.h">
      <Filter>Header Files</Filter>
    </ClInclude>
    <ClInclude Include="..\usr\include\VP\vpBody.h">
      <Filter>Header Files</Filter>
    </ClInclude>
    <ClInclude Include="..\usr\include\VP\vpCollisionDetector.h">
      <Filter>Header Files</Filter>
    </ClInclude>
    <ClInclude Include="..\usr\include\VP\vpDataType.h">
      <Filter>Header Files</Filter>
    </ClInclude>
    <ClInclude Include="..\usr\include\VP\vpGeom.h">
      <Filter>Header Files</Filter>
    </ClInclude>
    <ClInclude Include="..\usr\include\VP\vphysics.h">
      <Filter>Header Files</Filter>
    </ClInclude>
    <ClInclude Include="..\usr\include\VP\vpJoint.h">
      <Filter>Header Files</Filter>
    </ClInclude>
    <ClInclude Include="..\usr\include\VP\vpMaterial.h">
      <Filter>Header Files</Filter>
    </ClInclude>
    <ClInclude Include="..\usr\include\VP\vpNDOFJoint.h">
      <Filter>Header Files</Filter>
    </ClInclude>
    <ClInclude Include="..\usr\include\VP\vpPJoint.h">
      <Filter>Header Files</Filter>
    </ClInclude>
    <ClInclude Include="..\usr\include\VP\vpPrimitiveCollisionDetector.h">
      <Filter>Header Files</Filter>
    </ClInclude>
    <ClInclude Include="..\usr\include\VP\vpRJoint.h">
      <Filter>Header Files</Filter>
    </ClInclude>
    <ClInclude Include="..\usr\include\VP\vpSingleSystem.h">
      <Filter>Header Files</Filter>
    </ClInclude>
    <ClInclude Include="..\usr\include\VP\vpSJoint.h">
      <Filter>Header Files</Filter>
    </ClInclude>
    <ClInclude Include="..\usr\include\VP\vpSpring.h">
      <Filter>Header Files</Filter>
    </ClInclude>
    <ClInclude Include="..\usr\include\VP\vpSystem.h">
      <Filter>Header Files</Filter>
    </ClInclude>
    <ClInclude Include="..\usr\include\VP\vpTimer.h">
      <Filter>Header Files</Filter>
    </ClInclude>
    <ClInclude Include="..\usr\include\VP\vpUJoint.h">
      <Filter>Header Files</Filter>
    </ClInclude>
  </ItemGroup>
  <ItemGroup>
    <None Include="..\usr\include\VP\rmatrix3friend.inl">
      <Filter>Source Files</Filter>
    </None>
    <None Include="..\usr\include\VP\vp1DOFJoint.inl">
      <Filter>Source Files</Filter>
    </None>
    <None Include="..\usr\include\VP\vpBJoint.inl">
      <Filter>Source Files</Filter>
    </None>
    <None Include="..\usr\include\VP\vpBody.inl">
      <Filter>Source Files</Filter>
    </None>
    <None Include="..\usr\include\VP\vpGeom.inl">
      <Filter>Source Files</Filter>
    </None>
    <None Include="..\usr\include\VP\vpJoint.inl">
      <Filter>Source Files</Filter>
    </None>
    <None Include="..\usr\include\VP\vpMaterial.inl">
      <Filter>Source Files</Filter>
    </None>
    <None Include="..\usr\include\VP\vpNDOFJoint.inl">
      <Filter>Source Files</Filter>
    </None>
    <None Include="..\usr\include\VP\vpPJoint.inl">
      <Filter>Source Files</Filter>
    </None>
    <None Include="..\usr\include\VP\vpRJoint.inl">
      <Filter>Source Files</Filter>
    </None>
    <None Include="..\usr\include\VP\vpSingleSystem.inl">
      <Filter>Source Files</Filter>
    </None>
    <None Include="..\usr\include\VP\vpSJoint.inl">
      <Filter>Source Files</Filter>
    </None>
    <None Include="..\usr\include\VP\vpSpring.inl">
      <Filter>Source Files</Filter>
    </None>
    <None Include="..\usr\include\VP\vpSystem.inl">
      <Filter>Source Files</Filter>
    </None>
    <None Include="..\usr\include\VP\vpUJoint.inl">
      <Filter>Source Files</Filter>
    </None>
    <None Include="..\usr\include\VP\vpWJoint.inl">
      <Filter>Source Files</Filter>
    </None>
    <None Include="..\usr\include\VP\vpWorld.inl">
      <Filter>Source Files</Filter>
    </None>
    <None Include="..\usr\include\VP\LieGroup.inl">
      <Filter>Source Files</Filter>
    </None>
    <None Include="..\usr\include\VP\rmatrix3.inl">
      <Filter>Source Files</Filter>
    </None>
    <None Include="..\usr\include\VP\smatrixfriend.inl">
      <Filter>Source Files</Filter>
    </None>
  </ItemGroup>
</Project>