
Microsoft Visual Studio Solution File, Format Version 11.00
# Visual Studio 2010
Project("{8BC9CEB8-8B4A-11D0-8D11-00A0C91BC942}") = "vpLib", "vpLib\vpLib.vcxproj", "{81706F1F-A6CF-49F8-9A37-F5FDD6A4131B}"
EndProject
Project("{8BC9CEB8-8B4A-11D0-8D11-00A0C91BC942}") = "vpRenderer", "vpRenderer\vpRenderer.vcxproj", "{4078367C-6F74-4104-8601-A1A75A7608D0}"
	ProjectSection(ProjectDependencies) = postProject
		{81706F1F-A6CF-49F8-9A37-F5FDD6A4131B} = {81706F1F-A6CF-49F8-9A37-F5FDD6A4131B}
	EndProjectSection
EndProject
Project("{2150E333-8FDC-42A3-9474-1A3956D46DE8}") = "Examples", "Examples", "{28DA0AC8-C6F7-438E-B2BE-EA920F2DD998}"
EndProject
Project("{8BC9CEB8-8B4A-11D0-8D11-00A0C91BC942}") = "stacking", "Examples\stacking\stacking.vcxproj", "{B6B2DC48-FB6D-4A2F-ABA2-AAE1CD274BD8}"
	ProjectSection(ProjectDependencies) = postProject
		{81706F1F-A6CF-49F8-9A37-F5FDD6A4131B} = {81706F1F-A6CF-49F8-9A37-F5FDD6A4131B}
		{4078367C-6F74-4104-8601-A1A75A7608D0} = {4078367C-6F74-4104-8601-A1A75A7608D0}
	EndProjectSection
EndProject
Project("{8BC9CEB8-8B4A-11D0-8D11-00A0C91BC942}") = "ragdoll", "Examples\ragdoll\ragdoll.vcxproj", "{032C9674-2410-4164-9F03-57FEBFC53D5A}"
	ProjectSection(ProjectDependencies) = postProject
		{81706F1F-A6CF-49F8-9A37-F5FDD6A4131B} = {81706F1F-A6CF-49F8-9A37-F5FDD6A4131B}
		{4078367C-6F74-4104-8601-A1A75A7608D0} = {4078367C-6F74-4104-8601-A1A75A7608D0}
	EndProjectSection
EndProject
Project("{8BC9CEB8-8B4A-11D0-8D11-00A0C91BC942}") = "tutorial", "Examples\tutorial\tutorial.vcxproj", "{6E00010B-803C-4D96-9891-2265636758A8}"
	ProjectSection(ProjectDependencies) = postProject
		{81706F1F-A6CF-49F8-9A37-F5FDD6A4131B} = {81706F1F-A6CF-49F8-9A37-F5FDD6A4131B}
		{4078367C-6F74-4104-8601-A1A75A7608D0} = {4078367C-6F74-4104-8601-A1A75A7608D0}
	EndProjectSection
EndProject
Project("{2150E333-8FDC-42A3-9474-1A3956D46DE8}") = "Project", "Project", "{16271FC4-C9D8-489C-94C0-2C23CE71C5FC}"
EndProject
Global
	GlobalSection(SolutionConfigurationPlatforms) = preSolution
		Debug|Win32 = Debug|Win32
		Debug|x64 = Debug|x64
		Release|Win32 = Release|Win32
		Release|x64 = Release|x64
	EndGlobalSection
	GlobalSection(ProjectConfigurationPlatforms) = postSolution
		{81706F1F-A6CF-49F8-9A37-F5FDD6A4131B}.Debug|Win32.ActiveCfg = Debug|Win32
		{81706F1F-A6CF-49F8-9A37-F5FDD6A4131B}.Debug|Win32.Build.0 = Debug|Win32
		{81706F1F-A6CF-49F8-9A37-F5FDD6A4131B}.Debug|x64.ActiveCfg = Debug|x64
		{81706F1F-A6CF-49F8-9A37-F5FDD6A4131B}.Debug|x64.Build.0 = Debug|x64
		{81706F1F-A6CF-49F8-9A37-F5FDD6A4131B}.Release|Win32.ActiveCfg = Release|Win32
		{81706F1F-A6CF-49F8-9A37-F5FDD6A4131B}.Release|Win32.Build.0 = Release|Win32
		{81706F1F-A6CF-49F8-9A37-F5FDD6A4131B}.Release|x64.ActiveCfg = Release|x64
		{81706F1F-A6CF-49F8-9A37-F5FDD6A4131B}.Release|x64.Build.0 = Release|x64
		{4078367C-6F74-4104-8601-A1A75A7608D0}.Debug|Win32.ActiveCfg = Debug|Win32
		{4078367C-6F74-4104-8601-A1A75A7608D0}.Debug|Win32.Build.0 = Debug|Win32
		{4078367C-6F74-4104-8601-A1A75A7608D0}.Debug|x64.ActiveCfg = Debug|x64
		{4078367C-6F74-4104-8601-A1A75A7608D0}.Debug|x64.Build.0 = Debug|x64
		{4078367C-6F74-4104-8601-A1A75A7608D0}.Release|Win32.ActiveCfg = Release|Win32
		{4078367C-6F74-4104-8601-A1A75A7608D0}.Release|Win32.Build.0 = Release|Win32
		{4078367C-6F74-4104-8601-A1A75A7608D0}.Release|x64.ActiveCfg = Release|x64
		{4078367C-6F74-4104-8601-A1A75A7608D0}.Release|x64.Build.0 = Release|x64
		{B6B2DC48-FB6D-4A2F-ABA2-AAE1CD274BD8}.Debug|Win32.ActiveCfg = Debug|Win32
		{B6B2DC48-FB6D-4A2F-ABA2-AAE1CD274BD8}.Debug|Win32.Build.0 = Debug|Win32
		{B6B2DC48-FB6D-4A2F-ABA2-AAE1CD274BD8}.Debug|x64.ActiveCfg = Debug|x64
		{B6B2DC48-FB6D-4A2F-ABA2-AAE1CD274BD8}.Debug|x64.Build.0 = Debug|x64
		{B6B2DC48-FB6D-4A2F-ABA2-AAE1CD274BD8}.Release|Win32.ActiveCfg = Release|Win32
		{B6B2DC48-FB6D-4A2F-ABA2-AAE1CD274BD8}.Release|Win32.Build.0 = Release|Win32
		{B6B2DC48-FB6D-4A2F-ABA2-AAE1CD274BD8}.Release|x64.ActiveCfg = Release|x64
		{B6B2DC48-FB6D-4A2F-ABA2-AAE1CD274BD8}.Release|x64.Build.0 = Release|x64
		{032C9674-2410-4164-9F03-57FEBFC53D5A}.Debug|Win32.ActiveCfg = Debug|Win32
		{032C9674-2410-4164-9F03-57FEBFC53D5A}.Debug|Win32.Build.0 = Debug|Win32
		{032C9674-2410-4164-9F03-57FEBFC53D5A}.Debug|x64.ActiveCfg = Debug|x64
		{032C9674-2410-4164-9F03-57FEBFC53D5A}.Debug|x64.Build.0 = Debug|x64
		{032C9674-2410-4164-9F03-57FEBFC53D5A}.Release|Win32.ActiveCfg = Release|Win32
		{032C9674-2410-4164-9F03-57FEBFC53D5A}.Release|Win32.Build.0 = Release|Win32
		{032C9674-2410-4164-9F03-57FEBFC53D5A}.Release|x64.ActiveCfg = Release|x64
		{032C9674-2410-4164-9F03-57FEBFC53D5A}.Release|x64.Build.0 = Release|x64
		{6E00010B-803C-4D96-9891-2265636758A8}.Debug|Win32.ActiveCfg = Debug|Win32
		{6E00010B-803C-4D96-9891-2265636758A8}.Debug|Win32.Build.0 = Debug|Win32
		{6E00010B-803C-4D96-9891-2265636758A8}.Debug|x64.ActiveCfg = Debug|x64
		{6E00010B-803C-4D96-9891-2265636758A8}.Debug|x64.Build.0 = Debug|x64
		{6E00010B-803C-4D96-9891-2265636758A8}.Release|Win32.ActiveCfg = Release|Win32
		{6E00010B-803C-4D96-9891-2265636758A8}.Release|Win32.Build.0 = Release|Win32
		{6E00010B-803C-4D96-9891-2265636758A8}.Release|x64.ActiveCfg = Release|x64
		{6E00010B-803C-4D96-9891-2265636758A8}.Release|x64.Build.0 = Release|x64
	EndGlobalSection
	GlobalSection(SolutionProperties) = preSolution
		HideSolutionNode = FALSE
	EndGlobalSection
	GlobalSection(NestedProjects) = preSolution
		{B6B2DC48-FB6D-4A2F-ABA2-AAE1CD274BD8} = {28DA0AC8-C6F7-438E-B2BE-EA920F2DD998}
		{032C9674-2410-4164-9F03-57FEBFC53D5A} = {28DA0AC8-C6F7-438E-B2BE-EA920F2DD998}
		{6E00010B-803C-4D96-9891-2265636758A8} = {28DA0AC8-C6F7-438E-B2BE-EA920F2DD998}
	EndGlobalSection
EndGlobal
